
Microsoft Visual Studio Solution File, Format Version 12.00
Project("{FAE04EC0-301F-11D3-BF4B-00C04F79EFBC}") = "SampleApp", "SampleApp\SampleApp.csproj", "{23B7C358-0B60-4035-9013-B404210988DF}"
EndProject
Project("{2150E333-8FDC-42A3-9474-1A3956D46DE8}") = "Sdk", "Sdk", "{CE5A82ED-3185-4F19-96E4-44E0C54456FC}"
	ProjectSection(SolutionItems) = preProject
		Sdk\Sdk.sln = Sdk\Sdk.sln
	EndProjectSection
EndProject
Project("{2150E333-8FDC-42A3-9474-1A3956D46DE8}") = "mParticleBinding", "mParticleBinding", "{F1889422-43C1-44F6-9CB5-715354AD1CFD}"
	ProjectSection(SolutionItems) = preProject
		Sdk\mParticleBinding\mParticleBinding.sln = Sdk\mParticleBinding\mParticleBinding.sln
	EndProjectSection
EndProject
Project("{FAE04EC0-301F-11D3-BF4B-00C04F79EFBC}") = "MParticle.Maui.Sdk", "Sdk\MParticle.Maui.Sdk\MParticle.Maui.Sdk.csproj", "{5A7BEC09-63E0-461E-9B2B-B9E9A1F0AC58}"
EndProject
Project("{2150E333-8FDC-42A3-9474-1A3956D46DE8}") = "Kits", "Kits", "{B8E1A5C2-7F4D-4A3B-8C9E-1D2F3E4A5B6C}"
EndProject
Project("{2150E333-8FDC-42A3-9474-1A3956D46DE8}") = "rokt", "rokt", "{C9F2B6D3-8E5F-4B4C-9D0F-2E3F4A5B6C7D}"
EndProject
Project("{FAE04EC0-301F-11D3-BF4B-00C04F79EFBC}") = "MParticle.Maui.Kits.Rokt", "Kits\rokt\Sdk\MParticle.Maui.Rokt\mParticle.Maui.Kits.Rokt.csproj", "{A1B2C3D4-E5F6-7890-ABCD-EF1234567890}"
EndProject
Project("{FAE04EC0-301F-11D3-BF4B-00C04F79EFBC}") = "RoktSampleApp", "Kits\rokt\SampleApp\SampleApp.csproj", "{B2C3D4E5-F6G7-8901-BCDE-F23456789012}"
EndProject
Global
	GlobalSection(SolutionConfigurationPlatforms) = preSolution
		Debug|Any CPU = Debug|Any CPU
		Release|Any CPU = Release|Any CPU
	EndGlobalSection
	GlobalSection(NestedProjects) = preSolution
		{F1889422-43C1-44F6-9CB5-715354AD1CFD} = {CE5A82ED-3185-4F19-96E4-44E0C54456FC}
		{5A7BEC09-63E0-461E-9B2B-B9E9A1F0AC58} = {CE5A82ED-3185-4F19-96E4-44E0C54456FC}
		{C9F2B6D3-8E5F-4B4C-9D0F-2E3F4A5B6C7D} = {B8E1A5C2-7F4D-4A3B-8C9E-1D2F3E4A5B6C}
		{A1B2C3D4-E5F6-7890-ABCD-EF1234567890} = {C9F2B6D3-8E5F-4B4C-9D0F-2E3F4A5B6C7D}
		{B2C3D4E5-F6G7-8901-BCDE-F23456789012} = {C9F2B6D3-8E5F-4B4C-9D0F-2E3F4A5B6C7D}
	EndGlobalSection
	GlobalSection(ProjectConfigurationPlatforms) = postSolution
		{23B7C358-0B60-4035-9013-B404210988DF}.Debug|Any CPU.ActiveCfg = Debug|Any CPU
		{23B7C358-0B60-4035-9013-B404210988DF}.Debug|Any CPU.Build.0 = Debug|Any CPU
		{23B7C358-0B60-4035-9013-B404210988DF}.Release|Any CPU.ActiveCfg = Release|Any CPU
		{23B7C358-0B60-4035-9013-B404210988DF}.Release|Any CPU.Build.0 = Release|Any CPU
		{5A7BEC09-63E0-461E-9B2B-B9E9A1F0AC58}.Debug|Any CPU.ActiveCfg = Debug|Any CPU
		{5A7BEC09-63E0-461E-9B2B-B9E9A1F0AC58}.Debug|Any CPU.Build.0 = Debug|Any CPU
		{5A7BEC09-63E0-461E-9B2B-B9E9A1F0AC58}.Release|Any CPU.ActiveCfg = Release|Any CPU
		{5A7BEC09-63E0-461E-9B2B-B9E9A1F0AC58}.Release|Any CPU.Build.0 = Release|Any CPU
		{A1B2C3D4-E5F6-7890-ABCD-EF1234567890}.Debug|Any CPU.ActiveCfg = Debug|Any CPU
		{A1B2C3D4-E5F6-7890-ABCD-EF1234567890}.Debug|Any CPU.Build.0 = Debug|Any CPU
		{A1B2C3D4-E5F6-7890-ABCD-EF1234567890}.Release|Any CPU.ActiveCfg = Release|Any CPU
		{A1B2C3D4-E5F6-7890-ABCD-EF1234567890}.Release|Any CPU.Build.0 = Release|Any CPU
		{B2C3D4E5-F6G7-8901-BCDE-F23456789012}.Debug|Any CPU.ActiveCfg = Debug|Any CPU
		{B2C3D4E5-F6G7-8901-BCDE-F23456789012}.Debug|Any CPU.Build.0 = Debug|Any CPU
		{B2C3D4E5-F6G7-8901-BCDE-F23456789012}.Release|Any CPU.ActiveCfg = Release|Any CPU
		{B2C3D4E5-F6G7-8901-BCDE-F23456789012}.Release|Any CPU.Build.0 = Release|Any CPU
	EndGlobalSection
EndGlobal
