{
  "originHash" : "ce5bbb27789affa22311eedd9d0df13979c34b1728f8126b54ba4905e8615df8",
  "pins" : [
    {
      "identity" : "mparticle-apple-sdk",
      "kind" : "remoteSourceControl",
      "location" : "https://github.com/mParticle/mparticle-apple-sdk",
      "state" : {
        "revision" : "125689b15750301cafa0193d927767de4e5f60ad",
        "version" : "9.2.0"
      }
    },
    {
      "identity" : "rokt-contracts-apple",
      "kind" : "remoteSourceControl",
      "location" : "https://github.com/ROKT/rokt-contracts-apple.git",
      "state" : {
        "revision" : "f504822a77a7c7127bac74805e5858a14f25118d",
        "version" : "2.0.1"
      }
    }
  ],
  "version" : 3
}
