{
  "originHash" : "ce5bbb27789affa22311eedd9d0df13979c34b1728f8126b54ba4905e8615df8",
  "pins" : [
    {
      "identity" : "mparticle-apple-sdk",
      "kind" : "remoteSourceControl",
      "location" : "https://github.com/mParticle/mparticle-apple-sdk",
      "state" : {
        "revision" : "0bed61c5588bedf5ec120717c3c54b5176c73b29",
        "version" : "9.0.0"
      }
    },
    {
      "identity" : "rokt-contracts-apple",
      "kind" : "remoteSourceControl",
      "location" : "https://github.com/ROKT/rokt-contracts-apple.git",
      "state" : {
        "revision" : "ca2ff1061f5d2fe8d611c7ac17e2af8c931734b0",
        "version" : "0.1.3"
      }
    }
  ],
  "version" : 3
}
