{
  "originHash" : "bc383cacdce12c953daa107fc621569c80e289569522f778fb697fe7ebf0f949",
  "pins" : [
    {
      "identity" : "dcui-swift-schema",
      "kind" : "remoteSourceControl",
      "location" : "https://github.com/ROKT/dcui-swift-schema.git",
      "state" : {
        "revision" : "94e2913c91af7c9c49da0e86424f1e4d260a1b6c",
        "version" : "2.7.0"
      }
    },
    {
      "identity" : "mp-apple-integration-rokt",
      "kind" : "remoteSourceControl",
      "location" : "https://github.com/mparticle-integrations/mp-apple-integration-rokt.git",
      "state" : {
        "revision" : "2d334edb6bd910adbf7a48898cb4e0d3e4a12a1c",
        "version" : "9.2.0"
      }
    },
    {
      "identity" : "mparticle-apple-sdk",
      "kind" : "remoteSourceControl",
      "location" : "https://github.com/mParticle/mparticle-apple-sdk",
      "state" : {
        "revision" : "125689b15750301cafa0193d927767de4e5f60ad",
        "version" : "9.2.0"
      }
    },
    {
      "identity" : "rokt-contracts-apple",
      "kind" : "remoteSourceControl",
      "location" : "https://github.com/ROKT/rokt-contracts-apple.git",
      "state" : {
        "revision" : "f504822a77a7c7127bac74805e5858a14f25118d",
        "version" : "2.0.1"
      }
    },
    {
      "identity" : "rokt-sdk-ios",
      "kind" : "remoteSourceControl",
      "location" : "https://github.com/ROKT/rokt-sdk-ios",
      "state" : {
        "revision" : "83b3afc0bb5eae2ccb774746f63489d0dd881abd",
        "version" : "5.2.1"
      }
    },
    {
      "identity" : "rokt-ux-helper-ios",
      "kind" : "remoteSourceControl",
      "location" : "https://github.com/ROKT/rokt-ux-helper-ios.git",
      "state" : {
        "revision" : "c5909344392529329003badea06d488b73acfb66",
        "version" : "0.10.8"
      }
    }
  ],
  "version" : 3
}
