{
  "originHash" : "bc383cacdce12c953daa107fc621569c80e289569522f778fb697fe7ebf0f949",
  "pins" : [
    {
      "identity" : "dcui-swift-schema",
      "kind" : "remoteSourceControl",
      "location" : "https://github.com/ROKT/dcui-swift-schema.git",
      "state" : {
        "revision" : "1e69ee148840e67e658c57f001d8fa0017278f06",
        "version" : "2.8.1"
      }
    },
    {
      "identity" : "mp-apple-integration-rokt",
      "kind" : "remoteSourceControl",
      "location" : "https://github.com/mparticle-integrations/mp-apple-integration-rokt.git",
      "state" : {
        "revision" : "eb828d32bc8d3deeaf4d84e1836e7ab57761fa28",
        "version" : "9.3.1"
      }
    },
    {
      "identity" : "mparticle-apple-sdk",
      "kind" : "remoteSourceControl",
      "location" : "https://github.com/mParticle/mparticle-apple-sdk",
      "state" : {
        "revision" : "125689b15750301cafa0193d927767de4e5f60ad",
        "version" : "9.2.0"
      }
    },
    {
      "identity" : "rokt-contracts-apple",
      "kind" : "remoteSourceControl",
      "location" : "https://github.com/ROKT/rokt-contracts-apple.git",
      "state" : {
        "revision" : "4c450be00085eba6a16d846a66f44b96f1fc59c8",
        "version" : "2.0.2"
      }
    },
    {
      "identity" : "rokt-sdk-ios",
      "kind" : "remoteSourceControl",
      "location" : "https://github.com/ROKT/rokt-sdk-ios",
      "state" : {
        "revision" : "d02f99894a4eb071e0173a2cf116d2820c14ad22",
        "version" : "5.3.0"
      }
    },
    {
      "identity" : "rokt-ux-helper-ios",
      "kind" : "remoteSourceControl",
      "location" : "https://github.com/ROKT/rokt-ux-helper-ios.git",
      "state" : {
        "revision" : "6102d1a5638f65ae9d96093582b06f97ca74f66e",
        "version" : "1.0.0"
      }
    }
  ],
  "version" : 3
}
