{
  "originHash" : "bc383cacdce12c953daa107fc621569c80e289569522f778fb697fe7ebf0f949",
  "pins" : [
    {
      "identity" : "dcui-swift-schema",
      "kind" : "remoteSourceControl",
      "location" : "https://github.com/ROKT/dcui-swift-schema.git",
      "state" : {
        "revision" : "ae2a6a8536acf641f1a3576fef5a6be730a3d5b0",
        "version" : "2.4.0"
      }
    },
    {
      "identity" : "mp-apple-integration-rokt",
      "kind" : "remoteSourceControl",
      "location" : "https://github.com/mparticle-integrations/mp-apple-integration-rokt.git",
      "state" : {
        "revision" : "bcd5582584079c76171c1cbf5d767a230ab147a8",
        "version" : "9.0.0"
      }
    },
    {
      "identity" : "mparticle-apple-sdk",
      "kind" : "remoteSourceControl",
      "location" : "https://github.com/mParticle/mparticle-apple-sdk",
      "state" : {
        "revision" : "0bed61c5588bedf5ec120717c3c54b5176c73b29",
        "version" : "9.0.0"
      }
    },
    {
      "identity" : "rokt-contracts-apple",
      "kind" : "remoteSourceControl",
      "location" : "https://github.com/ROKT/rokt-contracts-apple.git",
      "state" : {
        "revision" : "ca2ff1061f5d2fe8d611c7ac17e2af8c931734b0",
        "version" : "0.1.3"
      }
    },
    {
      "identity" : "rokt-sdk-ios",
      "kind" : "remoteSourceControl",
      "location" : "https://github.com/ROKT/rokt-sdk-ios",
      "state" : {
        "revision" : "dc52e950b24050dc9912988006bfb61ab4facdde",
        "version" : "5.0.0"
      }
    },
    {
      "identity" : "rokt-ux-helper-ios",
      "kind" : "remoteSourceControl",
      "location" : "https://github.com/ROKT/rokt-ux-helper-ios.git",
      "state" : {
        "revision" : "2cc3b79527b9399dae5e596a33b3e750cc42ce86",
        "version" : "0.9.1"
      }
    }
  ],
  "version" : 3
}
