{
  "originHash" : "8bc689a1677969dc6dac8d272b9d75ae680d6ea09096249e4b6702e7d164454d",
  "pins" : [
    {
      "identity" : "mparticle-apple-sdk",
      "kind" : "remoteSourceControl",
      "location" : "https://github.com/mParticle/mparticle-apple-sdk",
      "state" : {
        "revision" : "f84087a4dfcf99114374c98b2de4a1ceafa7bf09",
        "version" : "8.35.0"
      }
    }
  ],
  "version" : 3
}
